
Microsoft Visual Studio Solution File, Format Version 12.00
# Visual Studio Version 17
VisualStudioVersion = 17.5.33516.290
MinimumVisualStudioVersion = 10.0.40219.1
Project("{9A19103F-16F7-4668-BE54-9A1E7A4F7556}") = "FreeEnterprise.Api", "FreeEnterprise.Api.csproj", "{2F26734B-5E5C-4A55-A06E-EADF0AC636E3}"
EndProject
Project("{9A19103F-16F7-4668-BE54-9A1E7A4F7556}") = "FreeEnterprise.Api.UnitTests", "..\FreeEnterprise.Api.UnitTests\FreeEnterprise.Api.UnitTests.csproj", "{DCD6890C-6E00-4E2F-A0A3-C74EEC362179}"
EndProject
Global
	GlobalSection(SolutionConfigurationPlatforms) = preSolution
		Debug|Any CPU = Debug|Any CPU
		Release|Any CPU = Release|Any CPU
	EndGlobalSection
	GlobalSection(ProjectConfigurationPlatforms) = postSolution
		{2F26734B-5E5C-4A55-A06E-EADF0AC636E3}.Debug|Any CPU.ActiveCfg = Debug|Any CPU
		{2F26734B-5E5C-4A55-A06E-EADF0AC636E3}.Debug|Any CPU.Build.0 = Debug|Any CPU
		{2F26734B-5E5C-4A55-A06E-EADF0AC636E3}.Release|Any CPU.ActiveCfg = Release|Any CPU
		{2F26734B-5E5C-4A55-A06E-EADF0AC636E3}.Release|Any CPU.Build.0 = Release|Any CPU
		{DCD6890C-6E00-4E2F-A0A3-C74EEC362179}.Debug|Any CPU.ActiveCfg = Debug|Any CPU
		{DCD6890C-6E00-4E2F-A0A3-C74EEC362179}.Debug|Any CPU.Build.0 = Debug|Any CPU
		{DCD6890C-6E00-4E2F-A0A3-C74EEC362179}.Release|Any CPU.ActiveCfg = Release|Any CPU
		{DCD6890C-6E00-4E2F-A0A3-C74EEC362179}.Release|Any CPU.Build.0 = Release|Any CPU
	EndGlobalSection
	GlobalSection(SolutionProperties) = preSolution
		HideSolutionNode = FALSE
	EndGlobalSection
	GlobalSection(ExtensibilityGlobals) = postSolution
		SolutionGuid = {643BDF45-CE5E-4C98-AA7B-7DE00F47769C}
	EndGlobalSection
EndGlobal
