
Microsoft Visual Studio Solution File, Format Version 12.00
# Visual Studio Version 17
VisualStudioVersion = 17.5.33516.290
MinimumVisualStudioVersion = 10.0.40219.1
Project("{9A19103F-16F7-4668-BE54-9A1E7A4F7556}") = "FreeEnterprise.Api", "FreeEnterprise.Api\FreeEnterprise.Api.csproj", "{51F687FF-05CC-423E-89DE-3586A4AE21B3}"
EndProject
Project("{9A19103F-16F7-4668-BE54-9A1E7A4F7556}") = "FreeEnterprise.Api.UnitTests", "FreeEnterprise.Api.UnitTests\FreeEnterprise.Api.UnitTests.csproj", "{7EF2F08F-7DF0-4622-9948-F01F119AC12B}"
EndProject
Global
	GlobalSection(SolutionConfigurationPlatforms) = preSolution
		Debug|Any CPU = Debug|Any CPU
		Release|Any CPU = Release|Any CPU
	EndGlobalSection
	GlobalSection(ProjectConfigurationPlatforms) = postSolution
		{51F687FF-05CC-423E-89DE-3586A4AE21B3}.Debug|Any CPU.ActiveCfg = Debug|Any CPU
		{51F687FF-05CC-423E-89DE-3586A4AE21B3}.Debug|Any CPU.Build.0 = Debug|Any CPU
		{51F687FF-05CC-423E-89DE-3586A4AE21B3}.Release|Any CPU.ActiveCfg = Release|Any CPU
		{51F687FF-05CC-423E-89DE-3586A4AE21B3}.Release|Any CPU.Build.0 = Release|Any CPU
		{7EF2F08F-7DF0-4622-9948-F01F119AC12B}.Debug|Any CPU.ActiveCfg = Debug|Any CPU
		{7EF2F08F-7DF0-4622-9948-F01F119AC12B}.Debug|Any CPU.Build.0 = Debug|Any CPU
		{7EF2F08F-7DF0-4622-9948-F01F119AC12B}.Release|Any CPU.ActiveCfg = Release|Any CPU
		{7EF2F08F-7DF0-4622-9948-F01F119AC12B}.Release|Any CPU.Build.0 = Release|Any CPU
	EndGlobalSection
	GlobalSection(SolutionProperties) = preSolution
		HideSolutionNode = FALSE
	EndGlobalSection
	GlobalSection(ExtensibilityGlobals) = postSolution
		SolutionGuid = {B72DA9FC-4D9B-41F4-AE7F-3EC6BAA7B2B7}
	EndGlobalSection
EndGlobal
